<?xml version="1.0" encoding="UTF-8" standalone="yes" ?>
<CodeBlocks_project_file>
	<FileVersion major="1" minor="6" />
	<Project>
		<Option title="EspionageMod" />
		<Option pch_mode="2" />
		<Option compiler="gcc" />
		<Build>
			<Target title="Debug">
				<Option output="bin\Debug\EspionageMod" prefix_auto="1" extension_auto="1" />
				<Option object_output="obj\Debug\" />
				<Option type="1" />
				<Option compiler="gcc" />
				<Compiler>
					<Add option="-g" />
				</Compiler>
			</Target>
		</Build>
		<Compiler>
			<Add option="-Wall" />
		</Compiler>
		<Unit filename="GameScripts\client\ambience.as" />
		<Unit filename="GameScripts\client\cheats.as" />
		<Unit filename="GameScripts\client\commands.as" />
		<Unit filename="GameScripts\client\console.as" />
		<Unit filename="GameScripts\client\gfxeffects.as" />
		<Unit filename="GameScripts\client\input.as" />
		<Unit filename="GameScripts\client\music.as" />
		<Unit filename="GameScripts\client\nodes\BlackholeNode.as" />
		<Unit filename="GameScripts\client\nodes\FleetPlane.as" />
		<Unit filename="GameScripts\client\nodes\GalaxyGas.as" />
		<Unit filename="GameScripts\client\nodes\GalaxyPlane.as" />
		<Unit filename="GameScripts\client\nodes\NovaNode.as" />
		<Unit filename="GameScripts\client\nodes\OrbitalNode.as" />
		<Unit filename="GameScripts\client\nodes\PersistentGfx.as" />
		<Unit filename="GameScripts\client\nodes\PlanetIcon.as" />
		<Unit filename="GameScripts\client\nodes\PlanetNode.as" />
		<Unit filename="GameScripts\client\nodes\ShipyardNode.as" />
		<Unit filename="GameScripts\client\nodes\StarNode.as" />
		<Unit filename="GameScripts\client\nodes\StrategicIcon.as" />
		<Unit filename="GameScripts\client\nodes\SystemPlane.as" />
		<Unit filename="GameScripts\client\nodes\Territory.as" />
		<Unit filename="GameScripts\client\nodes\TradeLines.as" />
		<Unit filename="GameScripts\client\pings.as" />
		<Unit filename="GameScripts\client\queue.as" />
		<Unit filename="GameScripts\client\skybox.as" />
		<Unit filename="GameScripts\client\timing.as" />
		<Unit filename="GameScripts\definitions\abilities.as" />
		<Unit filename="GameScripts\definitions\ability_effects.as" />
		<Unit filename="GameScripts\definitions\anomalies.as" />
		<Unit filename="GameScripts\definitions\anomaly_effects.as" />
		<Unit filename="GameScripts\definitions\artifacts.as" />
		<Unit filename="GameScripts\definitions\attributes.as" />
		<Unit filename="GameScripts\definitions\biomes.as" />
		<Unit filename="GameScripts\definitions\block_effects.as" />
		<Unit filename="GameScripts\definitions\bonus_effects.as" />
		<Unit filename="GameScripts\definitions\building_effects.as" />
		<Unit filename="GameScripts\definitions\buildings.as" />
		<Unit filename="GameScripts\definitions\campaign.as" />
		<Unit filename="GameScripts\definitions\camps.as" />
		<Unit filename="GameScripts\definitions\card_effects.as" />
		<Unit filename="GameScripts\definitions\civilians.as" />
		<Unit filename="GameScripts\definitions\clause_effects.as" />
		<Unit filename="GameScripts\definitions\construction_effects.as" />
		<Unit filename="GameScripts\definitions\constructions.as" />
		<Unit filename="GameScripts\definitions\empire_data.as" />
		<Unit filename="GameScripts\definitions\empire_effects.as" />
		<Unit filename="GameScripts\definitions\ftl.as" />
		<Unit filename="GameScripts\definitions\generic_effects.as" />
		<Unit filename="GameScripts\definitions\generic_hooks.as" />
		<Unit filename="GameScripts\definitions\hooks.as" />
		<Unit filename="GameScripts\definitions\icons.as" />
		<Unit filename="GameScripts\definitions\include\ability_spec.as" />
		<Unit filename="GameScripts\definitions\include\region_effect_spec.as" />
		<Unit filename="GameScripts\definitions\influence.as" />
		<Unit filename="GameScripts\definitions\influence_effects.as" />
		<Unit filename="GameScripts\definitions\listed_values.as" />
		<Unit filename="GameScripts\definitions\map_effects.as" />
		<Unit filename="GameScripts\definitions\map_systems.as" />
		<Unit filename="GameScripts\definitions\orbital_effects.as" />
		<Unit filename="GameScripts\definitions\orbitals.as" />
		<Unit filename="GameScripts\definitions\pickup_effects.as" />
		<Unit filename="GameScripts\definitions\pickups.as" />
		<Unit filename="GameScripts\definitions\planet_effects.as" />
		<Unit filename="GameScripts\definitions\region_effects.as" />
		<Unit filename="GameScripts\definitions\region_effects\GrantVision.as" />
		<Unit filename="GameScripts\definitions\region_effects\ProtectedZone.as" />
		<Unit filename="GameScripts\definitions\region_effects\ZealotRegion.as" />
		<Unit filename="GameScripts\definitions\repeat_hooks.as" />
		<Unit filename="GameScripts\definitions\requirement_effects.as" />
		<Unit filename="GameScripts\definitions\research.as" />
		<Unit filename="GameScripts\definitions\research_effects.as" />
		<Unit filename="GameScripts\definitions\resource_effects.as" />
		<Unit filename="GameScripts\definitions\resources.as" />
		<Unit filename="GameScripts\definitions\saving.as" />
		<Unit filename="GameScripts\definitions\status_effects.as" />
		<Unit filename="GameScripts\definitions\statuses.as" />
		<Unit filename="GameScripts\definitions\subsystem_effects.as" />
		<Unit filename="GameScripts\definitions\system_flags.as" />
		<Unit filename="GameScripts\definitions\target_filters.as" />
		<Unit filename="GameScripts\definitions\tile_resources.as" />
		<Unit filename="GameScripts\definitions\trait_effects.as" />
		<Unit filename="GameScripts\definitions\traits.as" />
		<Unit filename="GameScripts\definitions\unlock_tags.as" />
		<Unit filename="GameScripts\definitions\version.as" />
		<Unit filename="GameScripts\definitions\vote_effects.as" />
		<Unit filename="GameScripts\gui\community\DesignElement.as" />
		<Unit filename="GameScripts\gui\community\DesignList.as" />
		<Unit filename="GameScripts\gui\community\DesignPage.as" />
		<Unit filename="GameScripts\gui\community\Home.as" />
		<Unit filename="GameScripts\gui\design_stats.as" />
		<Unit filename="GameScripts\gui\editor\completion.as" />
		<Unit filename="GameScripts\gui\editor\defs.as" />
		<Unit filename="GameScripts\gui\editor\editor.as" />
		<Unit filename="GameScripts\gui\editor\fields.as" />
		<Unit filename="GameScripts\gui\editor\files.as" />
		<Unit filename="GameScripts\gui\editor\hooks.as" />
		<Unit filename="GameScripts\gui\editor\loader.as" />
		<Unit filename="GameScripts\gui\editor\locale.as" />
		<Unit filename="GameScripts\gui\editor\modinfo.as" />
		<Unit filename="GameScripts\gui\editor\overview.as" />
		<Unit filename="GameScripts\gui\gui_editor.as" />
		<Unit filename="GameScripts\gui\multiplayer.as" />
		<Unit filename="GameScripts\gui\navigation\SmartCamera.as" />
		<Unit filename="GameScripts\gui\navigation\elevation.as" />
		<Unit filename="GameScripts\gui\navigation\ftl.as" />
		<Unit filename="GameScripts\gui\navigation\go.as" />
		<Unit filename="GameScripts\gui\navigation\scopes.as" />
		<Unit filename="GameScripts\gui\navigation\smart_pan.as" />
		<Unit filename="GameScripts\gui\navigation\systems.as" />
		<Unit filename="GameScripts\gui\notifications\notifications.as" />
		<Unit filename="GameScripts\gui\obj_selection.as" />
		<Unit filename="GameScripts\gui\overlays\AnomalyOverlay.as" />
		<Unit filename="GameScripts\gui\overlays\ArtifactInfoBar.as" />
		<Unit filename="GameScripts\gui\overlays\ArtifactPopup.as" />
		<Unit filename="GameScripts\gui\overlays\AsteroidInfoBar.as" />
		<Unit filename="GameScripts\gui\overlays\AsteroidPopup.as" />
		<Unit filename="GameScripts\gui\overlays\CivilianPopup.as" />
		<Unit filename="GameScripts\gui\overlays\Construction.as" />
		<Unit filename="GameScripts\gui\overlays\ContextMenu.as" />
		<Unit filename="GameScripts\gui\overlays\EdictDisplay.as" />
		<Unit filename="GameScripts\gui\overlays\InfoBar.as" />
		<Unit filename="GameScripts\gui\overlays\ObjectPopup.as" />
		<Unit filename="GameScripts\gui\overlays\OddityPopup.as" />
		<Unit filename="GameScripts\gui\overlays\OrbitalInfoBar.as" />
		<Unit filename="GameScripts\gui\overlays\OrbitalOverlay.as" />
		<Unit filename="GameScripts\gui\overlays\OrbitalPopup.as" />
		<Unit filename="GameScripts\gui\overlays\PickupPopup.as" />
		<Unit filename="GameScripts\gui\overlays\PlanetInfoBar.as" />
		<Unit filename="GameScripts\gui\overlays\PlanetOverlay.as" />
		<Unit filename="GameScripts\gui\overlays\PlanetPopup.as" />
		<Unit filename="GameScripts\gui\overlays\Popup.as" />
		<Unit filename="GameScripts\gui\overlays\PopupTooltip.as" />
		<Unit filename="GameScripts\gui\overlays\Quickbar.as" />
		<Unit filename="GameScripts\gui\overlays\ShipInfoBar.as" />
		<Unit filename="GameScripts\gui\overlays\ShipPopup.as" />
		<Unit filename="GameScripts\gui\overlays\StarPopup.as" />
		<Unit filename="GameScripts\gui\overlays\Supports.as" />
		<Unit filename="GameScripts\gui\overlays\TimeDisplay.as" />
		<Unit filename="GameScripts\gui\scenario.as" />
		<Unit filename="GameScripts\gui\tabs\DesignEditorTab.as" />
		<Unit filename="GameScripts\gui\tabs\DesignOverviewTab.as" />
		<Unit filename="GameScripts\gui\tabs\DiplomacyTab.as" />
		<Unit filename="GameScripts\gui\tabs\EspionageTab.as" />
		<Unit filename="GameScripts\gui\tabs\GalaxyTab.as" />
		<Unit filename="GameScripts\gui\tabs\GlobalBar.as" />
		<Unit filename="GameScripts\gui\tabs\GraphicsEditor.as" />
		<Unit filename="GameScripts\gui\tabs\HomeTab.as" />
		<Unit filename="GameScripts\gui\tabs\HullEditorTab.as" />
		<Unit filename="GameScripts\gui\tabs\InfluenceHistoryTab.as" />
		<Unit filename="GameScripts\gui\tabs\InfluenceVoteTab.as" />
		<Unit filename="GameScripts\gui\tabs\NameGeneratorTab.as" />
		<Unit filename="GameScripts\gui\tabs\ParticlesTab.as" />
		<Unit filename="GameScripts\gui\tabs\PlanetsTab.as" />
		<Unit filename="GameScripts\gui\tabs\ResearchTab.as" />
		<Unit filename="GameScripts\gui\tabs\SkinViewer.as" />
		<Unit filename="GameScripts\gui\tabs\StatsTab.as" />
		<Unit filename="GameScripts\gui\tabs\SystemTab.as" />
		<Unit filename="GameScripts\gui\tabs\Tab.as" />
		<Unit filename="GameScripts\gui\tabs\VictoryTab.as" />
		<Unit filename="GameScripts\gui\tabs\WikiTab.as" />
		<Unit filename="GameScripts\gui\tabs\tabbar.as" />
		<Unit filename="GameScripts\gui\targeting\Fling.as" />
		<Unit filename="GameScripts\gui\targeting\Hyperdrive.as" />
		<Unit filename="GameScripts\gui\targeting\MoveTarget.as" />
		<Unit filename="GameScripts\gui\targeting\ObjectTarget.as" />
		<Unit filename="GameScripts\gui\targeting\PointTarget.as" />
		<Unit filename="GameScripts\gui\targeting\Slipstream.as" />
		<Unit filename="GameScripts\gui\targeting\targeting.as" />
		<Unit filename="GameScripts\gui\util\constructible_view.as" />
		<Unit filename="GameScripts\gui\util\icon_view.as" />
		<Unit filename="GameScripts\gui\util\obj_locate.as" />
		<Unit filename="GameScripts\menu\campaign_menu.as" />
		<Unit filename="GameScripts\menu\errors.as" />
		<Unit filename="GameScripts\menu\input.as" />
		<Unit filename="GameScripts\menu\load_menu.as" />
		<Unit filename="GameScripts\menu\main_menu.as" />
		<Unit filename="GameScripts\menu\menus.as" />
		<Unit filename="GameScripts\menu\mods_menu.as" />
		<Unit filename="GameScripts\menu\multiplayer_menu.as" />
		<Unit filename="GameScripts\menu\new_game.as" />
		<Unit filename="GameScripts\menu\options_menu.as" />
		<Unit filename="GameScripts\menu\save_menu.as" />
		<Unit filename="GameScripts\menu\settings\game_page.as" />
		<Unit filename="GameScripts\menu\theme.as" />
		<Unit filename="GameScripts\server\achievements.as" />
		<Unit filename="GameScripts\server\artifact_seeding.as" />
		<Unit filename="GameScripts\server\cheats.as" />
		<Unit filename="GameScripts\server\combat.as" />
		<Unit filename="GameScripts\server\components\Abilities.as" />
		<Unit filename="GameScripts\server\components\Attributes.as" />
		<Unit filename="GameScripts\server\components\EnergyManager.as" />
		<Unit filename="GameScripts\server\components\FleetManager.as" />
		<Unit filename="GameScripts\server\components\InfluenceManager.as" />
		<Unit filename="GameScripts\server\components\Mover.as" />
		<Unit filename="GameScripts\server\components\Notifications.as" />
		<Unit filename="GameScripts\server\components\ObjectManager.as" />
		<Unit filename="GameScripts\server\components\Orbit.as" />
		<Unit filename="GameScripts\server\components\ResearchGrid.as" />
		<Unit filename="GameScripts\server\components\ResourceManager.as" />
		<Unit filename="GameScripts\server\components\Resources.as" />
		<Unit filename="GameScripts\server\components\Statuses.as" />
		<Unit filename="GameScripts\server\components\Traits.as" />
		<Unit filename="GameScripts\server\construction\AsteroidConstructible.as" />
		<Unit filename="GameScripts\server\construction\BuildingConstructible.as" />
		<Unit filename="GameScripts\server\construction\Constructible.as" />
		<Unit filename="GameScripts\server\construction\Construction.as" />
		<Unit filename="GameScripts\server\construction\ConstructionConstructible.as" />
		<Unit filename="GameScripts\server\construction\DryDockConstructible.as" />
		<Unit filename="GameScripts\server\construction\ExportConstructible.as" />
		<Unit filename="GameScripts\server\construction\OrbitalConstructible.as" />
		<Unit filename="GameScripts\server\construction\RetrofitConstructible.as" />
		<Unit filename="GameScripts\server\construction\ShipConstructible.as" />
		<Unit filename="GameScripts\server\construction\StationConstructible.as" />
		<Unit filename="GameScripts\server\construction\TerraformConstructible.as" />
		<Unit filename="GameScripts\server\effects.as" />
		<Unit filename="GameScripts\server\effects\region_effects.as" />
		<Unit filename="GameScripts\server\empire.as" />
		<Unit filename="GameScripts\server\empire_ai\BasicAI.as" />
		<Unit filename="GameScripts\server\empire_ai\BumAI.as" />
		<Unit filename="GameScripts\server\empire_ai\EmpireAI.as" />
		<Unit filename="GameScripts\server\empire_ai\include\bai_act_colonize.as" />
		<Unit filename="GameScripts\server\empire_ai\include\bai_act_fleets.as" />
		<Unit filename="GameScripts\server\empire_ai\include\bai_act_influence.as" />
		<Unit filename="GameScripts\server\empire_ai\include\bai_act_resources.as" />
		<Unit filename="GameScripts\server\empire_ai\include\bai_act_strategy.as" />
		<Unit filename="GameScripts\server\empire_creation.as" />
		<Unit filename="GameScripts\server\empire_rankings.as" />
		<Unit filename="GameScripts\server\game_start.as" />
		<Unit filename="GameScripts\server\influence_global.as" />
		<Unit filename="GameScripts\server\map_generation.as" />
		<Unit filename="GameScripts\server\map_loader.as" />
		<Unit filename="GameScripts\server\object_creation.as" />
		<Unit filename="GameScripts\server\objects\Anomaly.as" />
		<Unit filename="GameScripts\server\objects\Artifact.as" />
		<Unit filename="GameScripts\server\objects\Asteroid.as" />
		<Unit filename="GameScripts\server\objects\Civilian.as" />
		<Unit filename="GameScripts\server\objects\ColonyShip.as" />
		<Unit filename="GameScripts\server\objects\Freighter.as" />
		<Unit filename="GameScripts\server\objects\Oddity.as" />
		<Unit filename="GameScripts\server\objects\Orbital.as" />
		<Unit filename="GameScripts\server\objects\Pickup.as" />
		<Unit filename="GameScripts\server\objects\Planet.as" />
		<Unit filename="GameScripts\server\objects\Ship.as" />
		<Unit filename="GameScripts\server\objects\Star.as" />
		<Unit filename="GameScripts\server\objects\Territory.as" />
		<Unit filename="GameScripts\server\orders\AbilityOrder.as" />
		<Unit filename="GameScripts\server\orders\AttackOrder.as" />
		<Unit filename="GameScripts\server\orders\AutoExploreOrder.as" />
		<Unit filename="GameScripts\server\orders\CaptureOrder.as" />
		<Unit filename="GameScripts\server\orders\FlingOrder.as" />
		<Unit filename="GameScripts\server\orders\GotoOrder.as" />
		<Unit filename="GameScripts\server\orders\HyperdriveOrder.as" />
		<Unit filename="GameScripts\server\orders\LeaderAI.as" />
		<Unit filename="GameScripts\server\orders\MoveOrder.as" />
		<Unit filename="GameScripts\server\orders\OddityGateOrder.as" />
		<Unit filename="GameScripts\server\orders\Order.as" />
		<Unit filename="GameScripts\server\orders\PickupOrder.as" />
		<Unit filename="GameScripts\server\orders\RefreshOrder.as" />
		<Unit filename="GameScripts\server\orders\ScanOrder.as" />
		<Unit filename="GameScripts\server\orders\SlipstreamOrder.as" />
		<Unit filename="GameScripts\server\orders\SupportAI.as" />
		<Unit filename="GameScripts\server\orders\WaitOrder.as" />
		<Unit filename="GameScripts\server\pings.as" />
		<Unit filename="GameScripts\server\piracy.as" />
		<Unit filename="GameScripts\server\planets\SurfaceComponent.as" />
		<Unit filename="GameScripts\server\planets\SurfaceGrid.as" />
		<Unit filename="GameScripts\server\regions\Region.as" />
		<Unit filename="GameScripts\server\regions\RegionObjects.as" />
		<Unit filename="GameScripts\server\regions\regions.as" />
		<Unit filename="GameScripts\server\remnant_designs.as" />
		<Unit filename="GameScripts\server\scenario.as" />
		<Unit filename="GameScripts\server\teams.as" />
		<Unit filename="GameScripts\server\territories.as" />
		<Unit filename="GameScripts\server\timing.as" />
		<Unit filename="GameScripts\server\util\target_search.as" />
		<Unit filename="GameScripts\server\victory.as" />
		<Unit filename="GameScripts\server\warandpeace.as" />
		<Unit filename="GameScripts\shadow\achievements.as" />
		<Unit filename="GameScripts\shadow\cheats.as" />
		<Unit filename="GameScripts\shadow\components\Abilities.as" />
		<Unit filename="GameScripts\shadow\components\Attributes.as" />
		<Unit filename="GameScripts\shadow\components\EnergyManager.as" />
		<Unit filename="GameScripts\shadow\components\FleetManager.as" />
		<Unit filename="GameScripts\shadow\components\InfluenceManager.as" />
		<Unit filename="GameScripts\shadow\components\Mover.as" />
		<Unit filename="GameScripts\shadow\components\Notifications.as" />
		<Unit filename="GameScripts\shadow\components\ObjectManager.as" />
		<Unit filename="GameScripts\shadow\components\Orbit.as" />
		<Unit filename="GameScripts\shadow\components\ResearchGrid.as" />
		<Unit filename="GameScripts\shadow\components\ResourceManager.as" />
		<Unit filename="GameScripts\shadow\components\Resources.as" />
		<Unit filename="GameScripts\shadow\components\Statuses.as" />
		<Unit filename="GameScripts\shadow\components\Traits.as" />
		<Unit filename="GameScripts\shadow\construction\Construction.as" />
		<Unit filename="GameScripts\shadow\empire.as" />
		<Unit filename="GameScripts\shadow\empire_ai\EmpireAI.as" />
		<Unit filename="GameScripts\shadow\game_start.as" />
		<Unit filename="GameScripts\shadow\influence_global.as" />
		<Unit filename="GameScripts\shadow\objects\Anomaly.as" />
		<Unit filename="GameScripts\shadow\objects\Artifact.as" />
		<Unit filename="GameScripts\shadow\objects\Asteroid.as" />
		<Unit filename="GameScripts\shadow\objects\Civilian.as" />
		<Unit filename="GameScripts\shadow\objects\ColonyShip.as" />
		<Unit filename="GameScripts\shadow\objects\Freighter.as" />
		<Unit filename="GameScripts\shadow\objects\Oddity.as" />
		<Unit filename="GameScripts\shadow\objects\Orbital.as" />
		<Unit filename="GameScripts\shadow\objects\Pickup.as" />
		<Unit filename="GameScripts\shadow\objects\Planet.as" />
		<Unit filename="GameScripts\shadow\objects\Ship.as" />
		<Unit filename="GameScripts\shadow\objects\Star.as" />
		<Unit filename="GameScripts\shadow\objects\Territory.as" />
		<Unit filename="GameScripts\shadow\orders\LeaderAI.as" />
		<Unit filename="GameScripts\shadow\orders\SupportAI.as" />
		<Unit filename="GameScripts\shadow\planets\SurfaceComponent.as" />
		<Unit filename="GameScripts\shadow\regions\Region.as" />
		<Unit filename="GameScripts\shadow\regions\RegionObjects.as" />
		<Unit filename="GameScripts\shadow\regions\regions.as" />
		<Unit filename="GameScripts\shadow\scenario.as" />
		<Unit filename="GameScripts\shadow\victory.as" />
		<Unit filename="GameScripts\shadow\warandpeace.as" />
		<Unit filename="GameScripts\shared\biome_data.as" />
		<Unit filename="GameScripts\shared\cloud_mods.as" />
		<Unit filename="GameScripts\shared\constructible.as" />
		<Unit filename="GameScripts\shared\designs.as" />
		<Unit filename="GameScripts\shared\dialogue.as" />
		<Unit filename="GameScripts\shared\hook_globals.as" />
		<Unit filename="GameScripts\shared\include\map.as" />
		<Unit filename="GameScripts\shared\include\resource_constants.as" />
		<Unit filename="GameScripts\shared\maps.as" />
		<Unit filename="GameScripts\shared\movement.as" />
		<Unit filename="GameScripts\shared\notifications.as" />
		<Unit filename="GameScripts\shared\oddities.as" />
		<Unit filename="GameScripts\shared\oddity_navigation.as" />
		<Unit filename="GameScripts\shared\orders.as" />
		<Unit filename="GameScripts\shared\planet_levels.as" />
		<Unit filename="GameScripts\shared\planet_loyalty.as" />
		<Unit filename="GameScripts\shared\planet_types.as" />
		<Unit filename="GameScripts\shared\planets\PlanetSurface.as" />
		<Unit filename="GameScripts\shared\settings\game_settings.as" />
		<Unit filename="GameScripts\shared\settings\map_lib.as" />
		<Unit filename="GameScripts\shared\ship_groups.as" />
		<Unit filename="GameScripts\shared\system_pathing.as" />
		<Unit filename="GameScripts\shared\systems.as" />
		<Unit filename="GameScripts\shared\util\convar.as" />
		<Unit filename="GameScripts\shared\util\design_designer.as" />
		<Unit filename="GameScripts\shared\util\design_export.as" />
		<Unit filename="GameScripts\shared\util\formatting.as" />
		<Unit filename="GameScripts\shared\util\map_tools.as" />
		<Unit filename="GameScripts\toolkit\dialog.as" />
		<Unit filename="GameScripts\toolkit\dialogs\ColorDialog.as" />
		<Unit filename="GameScripts\toolkit\dialogs\DesignExportDialog.as" />
		<Unit filename="GameScripts\toolkit\dialogs\DesignImportDialog.as" />
		<Unit filename="GameScripts\toolkit\dialogs\Dialog.as" />
		<Unit filename="GameScripts\toolkit\dialogs\IDialog.as" />
		<Unit filename="GameScripts\toolkit\dialogs\InputDialog.as" />
		<Unit filename="GameScripts\toolkit\dialogs\LoadDialog.as" />
		<Unit filename="GameScripts\toolkit\dialogs\MaterialChooser.as" />
		<Unit filename="GameScripts\toolkit\dialogs\MessageDialog.as" />
		<Unit filename="GameScripts\toolkit\dialogs\QuestionDialog.as" />
		<Unit filename="GameScripts\toolkit\dialogs\SaveDialog.as" />
		<Unit filename="GameScripts\toolkit\dialogs\include\UniqueDialogs.as" />
		<Unit filename="GameScripts\toolkit\elements\Alignment.as" />
		<Unit filename="GameScripts\toolkit\elements\BaseGuiElement.as" />
		<Unit filename="GameScripts\toolkit\elements\Gui3DObject.as" />
		<Unit filename="GameScripts\toolkit\elements\GuiAccordion.as" />
		<Unit filename="GameScripts\toolkit\elements\GuiAligned.as" />
		<Unit filename="GameScripts\toolkit\elements\GuiBackgroundPanel.as" />
		<Unit filename="GameScripts\toolkit\elements\GuiBlueprint.as" />
		<Unit filename="GameScripts\toolkit\elements\GuiButton.as" />
		<Unit filename="GameScripts\toolkit\elements\GuiCheckbox.as" />
		<Unit filename="GameScripts\toolkit\elements\GuiContextMenu.as" />
		<Unit filename="GameScripts\toolkit\elements\GuiDistributionBar.as" />
		<Unit filename="GameScripts\toolkit\elements\GuiDraggable.as" />
		<Unit filename="GameScripts\toolkit\elements\GuiDropdown.as" />
		<Unit filename="GameScripts\toolkit\elements\GuiEmpire.as" />
		<Unit filename="GameScripts\toolkit\elements\GuiFileChooser.as" />
		<Unit filename="GameScripts\toolkit\elements\GuiGroupDisplay.as" />
		<Unit filename="GameScripts\toolkit\elements\GuiIconGrid.as" />
		<Unit filename="GameScripts\toolkit\elements\GuiImage.as" />
		<Unit filename="GameScripts\toolkit\elements\GuiInfluenceCard.as" />
		<Unit filename="GameScripts\toolkit\elements\GuiListbox.as" />
		<Unit filename="GameScripts\toolkit\elements\GuiMarkupText.as" />
		<Unit filename="GameScripts\toolkit\elements\GuiOfferList.as" />
		<Unit filename="GameScripts\toolkit\elements\GuiOverlay.as" />
		<Unit filename="GameScripts\toolkit\elements\GuiPanel.as" />
		<Unit filename="GameScripts\toolkit\elements\GuiPlanetSurface.as" />
		<Unit filename="GameScripts\toolkit\elements\GuiProgressbar.as" />
		<Unit filename="GameScripts\toolkit\elements\GuiResizeHandle.as" />
		<Unit filename="GameScripts\toolkit\elements\GuiResources.as" />
		<Unit filename="GameScripts\toolkit\elements\GuiScrollbar.as" />
		<Unit filename="GameScripts\toolkit\elements\GuiShipStatus.as" />
		<Unit filename="GameScripts\toolkit\elements\GuiSkinElement.as" />
		<Unit filename="GameScripts\toolkit\elements\GuiSpinbox.as" />
		<Unit filename="GameScripts\toolkit\elements\GuiSprite.as" />
		<Unit filename="GameScripts\toolkit\elements\GuiStatusBox.as" />
		<Unit filename="GameScripts\toolkit\elements\GuiTabPane.as" />
		<Unit filename="GameScripts\toolkit\elements\GuiText.as" />
		<Unit filename="GameScripts\toolkit\elements\GuiTextbox.as" />
		<Unit filename="GameScripts\toolkit\elements\IGuiElement.as" />
		<Unit filename="GameScripts\toolkit\elements\MarkupTooltip.as" />
		<Unit filename="GameScripts\toolkit\elements\WordWrap.as" />
		<Unit filename="GameScripts\toolkit\gui.as" />
		<Unit filename="GameScripts\toolkit\gui_zoom.as" />
		<Unit filename="GameScripts\toolkit\irc_window.as" />
		<Unit filename="GameScripts\toolkit\util\engine_options.as" />
		<Unit filename="GameScripts\toolkit\util\game_options.as" />
		<Unit filename="GameScripts\toolkit\util\gui_options.as" />
		<Unit filename="GameScripts\toolkit\util\settings_page.as" />
		<Unit filename="scripts\gui\tabs\DiplomacyTab.as" />
		<Unit filename="scripts\gui\tabs\EspionageTab.as" />
		<Unit filename="scripts\gui\tabs\HomeTab.as" />
		<Extensions>
			<code_completion />
			<debugger />
		</Extensions>
	</Project>
</CodeBlocks_project_file>
